{
  "object": {
    "pins": [
      {
        "package": "AsyncExternalAccessory",
        "repositoryURL": "https://github.com/AppAccount/AsyncExternalAccessory",
        "state": {
          "branch": null,
          "revision": "0487c78db79a783d0232c7faa966cfbe9055cd8c",
          "version": "3.0.1"
        }
      },
      {
        "package": "AsyncStream",
        "repositoryURL": "https://github.com/AppAccount/AsyncStream",
        "state": {
          "branch": null,
          "revision": "e59c2a4e7688b3f8a84c626eee2a4e76590ba440",
          "version": "2.1.1"
        }
      }
    ]
  },
  "version": 1
}
