{
  "object": {
    "pins": [
      {
        "package": "AsyncExternalAccessory",
        "repositoryURL": "https://github.com/AppAccount/AsyncExternalAccessory",
        "state": {
          "branch": null,
          "revision": "6efa08840867b5daa97e291505efaf48db9f1d36",
          "version": "3.0.0"
        }
      },
      {
        "package": "AsyncStream",
        "repositoryURL": "https://github.com/AppAccount/AsyncStream",
        "state": {
          "branch": null,
          "revision": "821c1bc5b949854cbe4250c3580e0bec10b2c165",
          "version": "2.1.0"
        }
      }
    ]
  },
  "version": 1
}
